
Microsoft Visual Studio Solution File, Format Version 12.00
# Visual Studio Version 16
VisualStudioVersion = 16.0.30114.105
MinimumVisualStudioVersion = 10.0.40219.1
Project("{FAE04EC0-301F-11D3-BF4B-00C04F79EFBC}") = "ReportProgram", "ReportProgram\ReportProgram.csproj", "{084857D1-1E0C-4D71-9AF1-0D7F72F17420}"
EndProject
Project("{FAE04EC0-301F-11D3-BF4B-00C04F79EFBC}") = "InnoDB_DLL", "InnoDB_DLL\InnoDB_DLL.csproj", "{B61E2E6E-81A8-42DC-8E02-5BC35EB0331E}"
EndProject
Project("{FAE04EC0-301F-11D3-BF4B-00C04F79EFBC}") = "TestDLL", "TestDLL\TestDLL.csproj", "{B5A4436A-9987-4D6A-A6F7-51E8CB468690}"
EndProject
Project("{54435603-DBB4-11D2-8724-00A0C9A8B90C}") = "InnoReportSetup", "InnoReportSetup\InnoReportSetup.vdproj", "{438C01AE-DD54-407C-9F0B-C22B59A03F3F}"
EndProject
Global
	GlobalSection(SolutionConfigurationPlatforms) = preSolution
		Debug|Any CPU = Debug|Any CPU
		Release|Any CPU = Release|Any CPU
	EndGlobalSection
	GlobalSection(ProjectConfigurationPlatforms) = postSolution
		{084857D1-1E0C-4D71-9AF1-0D7F72F17420}.Debug|Any CPU.ActiveCfg = Debug|Any CPU
		{084857D1-1E0C-4D71-9AF1-0D7F72F17420}.Debug|Any CPU.Build.0 = Debug|Any CPU
		{084857D1-1E0C-4D71-9AF1-0D7F72F17420}.Release|Any CPU.ActiveCfg = Release|Any CPU
		{084857D1-1E0C-4D71-9AF1-0D7F72F17420}.Release|Any CPU.Build.0 = Release|Any CPU
		{B61E2E6E-81A8-42DC-8E02-5BC35EB0331E}.Debug|Any CPU.ActiveCfg = Debug|Any CPU
		{B61E2E6E-81A8-42DC-8E02-5BC35EB0331E}.Debug|Any CPU.Build.0 = Debug|Any CPU
		{B61E2E6E-81A8-42DC-8E02-5BC35EB0331E}.Release|Any CPU.ActiveCfg = Release|Any CPU
		{B61E2E6E-81A8-42DC-8E02-5BC35EB0331E}.Release|Any CPU.Build.0 = Release|Any CPU
		{B5A4436A-9987-4D6A-A6F7-51E8CB468690}.Debug|Any CPU.ActiveCfg = Debug|Any CPU
		{B5A4436A-9987-4D6A-A6F7-51E8CB468690}.Debug|Any CPU.Build.0 = Debug|Any CPU
		{B5A4436A-9987-4D6A-A6F7-51E8CB468690}.Release|Any CPU.ActiveCfg = Release|Any CPU
		{B5A4436A-9987-4D6A-A6F7-51E8CB468690}.Release|Any CPU.Build.0 = Release|Any CPU
		{438C01AE-DD54-407C-9F0B-C22B59A03F3F}.Debug|Any CPU.ActiveCfg = Debug
		{438C01AE-DD54-407C-9F0B-C22B59A03F3F}.Release|Any CPU.ActiveCfg = Release
	EndGlobalSection
	GlobalSection(SolutionProperties) = preSolution
		HideSolutionNode = FALSE
	EndGlobalSection
	GlobalSection(ExtensibilityGlobals) = postSolution
		SolutionGuid = {CE804099-60E8-47B2-A5EC-91F51B324083}
	EndGlobalSection
EndGlobal
